{
  "version": 4,
  "terraform_version": "1.0.4",
  "serial": 13,
  "lineage": "f4d90416-b17d-5470-9ce8-130721b60c66",
  "outputs": {
    "gke-k8s": {
      "value": {
        "addons_config": [
          {
            "cloudrun_config": [],
            "horizontal_pod_autoscaling": [],
            "http_load_balancing": [],
            "network_policy_config": [
              {
                "disabled": true
              }
            ]
          }
        ],
        "authenticator_groups_config": [],
        "cluster_autoscaling": [
          {
            "auto_provisioning_defaults": [],
            "enabled": false,
            "resource_limits": []
          }
        ],
        "cluster_ipv4_cidr": "10.84.0.0/14",
        "database_encryption": [
          {
            "key_name": "",
            "state": "DECRYPTED"
          }
        ],
        "datapath_provider": "",
        "default_max_pods_per_node": null,
        "default_snat_status": [
          {
            "disabled": false
          }
        ],
        "description": "",
        "enable_autopilot": false,
        "enable_binary_authorization": false,
        "enable_intranode_visibility": false,
        "enable_kubernetes_alpha": false,
        "enable_legacy_abac": false,
        "enable_shielded_nodes": false,
        "enable_tpu": false,
        "endpoint": "34.93.105.59",
        "id": "projects/searce-playground/locations/asia-south1/clusters/my-gke-cluster",
        "initial_node_count": 1,
        "instance_group_urls": [
          "https://www.googleapis.com/compute/v1/projects/searce-playground/zones/asia-south1-c/instanceGroups/gke-my-gke-cluster-my-node-pool-e9c67149-grp",
          "https://www.googleapis.com/compute/v1/projects/searce-playground/zones/asia-south1-a/instanceGroups/gke-my-gke-cluster-my-node-pool-43b8c0b7-grp",
          "https://www.googleapis.com/compute/v1/projects/searce-playground/zones/asia-south1-b/instanceGroups/gke-my-gke-cluster-my-node-pool-f458a069-grp"
        ],
        "ip_allocation_policy": [],
        "label_fingerprint": "a9dc16a7",
        "location": "asia-south1",
        "logging_service": "logging.googleapis.com/kubernetes",
        "maintenance_policy": [],
        "master_auth": [
          {
            "client_certificate": "",
            "client_certificate_config": [
              {
                "issue_client_certificate": false
              }
            ],
            "client_key": "",
            "cluster_ca_certificate": "LS0tLS1CRUdJTiBDRVJUSUZJQ0FURS0tLS0tCk1JSURLekNDQWhPZ0F3SUJBZ0lSQUlFTjRnUkJtUUVibUVSNnNvTG43VUF3RFFZSktvWklodmNOQVFFTEJRQXcKTHpFdE1Dc0dBMVVFQXhNa1lXRTBaakpsTWpVdE5HSXdNUzAwT1RBMkxXRmtaREF0TlRnNFl6UTJPR0psWVRGbApNQjRYRFRJeE1EZ3hPVEE0TWpZMU5sb1hEVEkyTURneE9EQTVNalkxTmxvd0x6RXRNQ3NHQTFVRUF4TWtZV0UwClpqSmxNalV0TkdJd01TMDBPVEEyTFdGa1pEQXROVGc0WXpRMk9HSmxZVEZsTUlJQklqQU5CZ2txaGtpRzl3MEIKQVFFRkFBT0NBUThBTUlJQkNnS0NBUUVBenpvL3QzTXpmSDBWdWVjcU1jVHlxTWFOd2lQRENLbDk5MnhhR0kwZQpCTTdHQytEUVdDNlYvaEYyUnAxRDBPSXZpODVHV3QycjQ0ODdsc2VxbjRSaGVvWXo2WE5FUHBPVFFId3pRREVGCmlQc1AxeHlBTnphTW5mMmNLd09LenQ1VFU3b2xIMzJtbXR6Q3ZaOU92UWZPM3ZNeHo4RHdkdzFaNEd5YXlwWnkKL05zSG9xRUJPSUFpZTNEL2hrbnV4Q1RSckhVUjFYbW93MTlKMGxJeUpJQlQveGlPMmRqaTJ5Z29YNjNNRGFqdApCaldrTGh2QnJqSnVCSUt4T1BBR1lHbElGa29LSUIrVThOakFpMnc5cXNCRzlUeWxyaFRPY2pvcEVLQUpKM1ZqCmZ1VHVVRkVXZHpDcml4bFlPcGlSTjhFMG9RNW1FRzJaL3g2QkFaYVZsYzBNQ3dJREFRQUJvMEl3UURBT0JnTlYKSFE4QkFmOEVCQU1DQWdRd0R3WURWUjBUQVFIL0JBVXdBd0VCL3pBZEJnTlZIUTRFRmdRVWx3VHcrbUhVWjRlUgoxWllZSHkzL3NYOHJuZ0V3RFFZSktvWklodmNOQVFFTEJRQURnZ0VCQUVncGR1Mmd3T3B5Unp0VzJlOWh1cjl1CmloWldBaE4wTmp0YTFrWWRSaEd0NDlVSEU4Y0FWbnBFV3U1NkQyQ0F2UHlsR0J2RXFxbzJ4T2lWSzBxOW9xYjQKNVpZVjJiSnVoaUJQQVFLS1orem9YbytEWUp3dG8wVFo1YUF5RmZtdnArMWRPd2hrOXZRM2FCenZreGF4MFFHaQptRVV5ZzNGU3kwZnMzMUFBd08rdXJGdHJpNDNZRlAyRFRwK3FpNFZIeWJ0djIyTlJya3g4YU9qcXlzWmY4aEhXCkdTL0pOeVZGWU9ORHUwQ3RXc2lOcjZxRUJrWTFiZGdnV2prNWxNVlVHSFJRWGovZ1hCbTg5Z2pVeDFIcEMvSHEKQ3QvZThMMVcvdFVtNWhuVFo2M3pFdXE2VGhlTVl0R0lYNGg5R1FkdTRiQlFMWHdNem10RnJLc3c2ZmoxM3UwPQotLS0tLUVORCBDRVJUSUZJQ0FURS0tLS0tCg==",
            "password": "",
            "username": ""
          }
        ],
        "master_authorized_networks_config": [],
        "master_version": "1.20.8-gke.900",
        "min_master_version": null,
        "monitoring_service": "monitoring.googleapis.com/kubernetes",
        "name": "my-gke-cluster",
        "network": "projects/searce-playground/global/networks/onkar-179-vpc",
        "network_policy": [
          {
            "enabled": false,
            "provider": "PROVIDER_UNSPECIFIED"
          }
        ],
        "networking_mode": "ROUTES",
        "node_config": [
          {
            "disk_size_gb": 100,
            "disk_type": "pd-standard",
            "guest_accelerator": [],
            "image_type": "COS_CONTAINERD",
            "labels": {},
            "local_ssd_count": 0,
            "machine_type": "e2-micro",
            "metadata": {
              "disable-legacy-endpoints": "true"
            },
            "min_cpu_platform": "",
            "oauth_scopes": [
              "https://www.googleapis.com/auth/logging.write",
              "https://www.googleapis.com/auth/monitoring"
            ],
            "preemptible": true,
            "service_account": "default",
            "shielded_instance_config": [
              {
                "enable_integrity_monitoring": true,
                "enable_secure_boot": false
              }
            ],
            "tags": [],
            "taint": [],
            "workload_metadata_config": []
          }
        ],
        "node_locations": [
          "asia-south1-a",
          "asia-south1-b",
          "asia-south1-c"
        ],
        "node_pool": [
          {
            "autoscaling": [],
            "initial_node_count": 1,
            "instance_group_urls": [
              "https://www.googleapis.com/compute/v1/projects/searce-playground/zones/asia-south1-c/instanceGroupManagers/gke-my-gke-cluster-my-node-pool-e9c67149-grp",
              "https://www.googleapis.com/compute/v1/projects/searce-playground/zones/asia-south1-a/instanceGroupManagers/gke-my-gke-cluster-my-node-pool-43b8c0b7-grp",
              "https://www.googleapis.com/compute/v1/projects/searce-playground/zones/asia-south1-b/instanceGroupManagers/gke-my-gke-cluster-my-node-pool-f458a069-grp"
            ],
            "management": [
              {
                "auto_repair": true,
                "auto_upgrade": true
              }
            ],
            "max_pods_per_node": 0,
            "name": "my-node-pool",
            "name_prefix": "",
            "node_config": [
              {
                "disk_size_gb": 100,
                "disk_type": "pd-standard",
                "guest_accelerator": [],
                "image_type": "COS_CONTAINERD",
                "labels": {},
                "local_ssd_count": 0,
                "machine_type": "e2-micro",
                "metadata": {
                  "disable-legacy-endpoints": "true"
                },
                "min_cpu_platform": "",
                "oauth_scopes": [
                  "https://www.googleapis.com/auth/logging.write",
                  "https://www.googleapis.com/auth/monitoring"
                ],
                "preemptible": true,
                "service_account": "default",
                "shielded_instance_config": [
                  {
                    "enable_integrity_monitoring": true,
                    "enable_secure_boot": false
                  }
                ],
                "tags": [],
                "taint": [],
                "workload_metadata_config": []
              }
            ],
            "node_count": 1,
            "node_locations": [
              "asia-south1-a",
              "asia-south1-b",
              "asia-south1-c"
            ],
            "upgrade_settings": [
              {
                "max_surge": 1,
                "max_unavailable": 0
              }
            ],
            "version": "1.20.8-gke.900"
          }
        ],
        "node_version": "1.20.8-gke.900",
        "operation": null,
        "pod_security_policy_config": null,
        "private_cluster_config": [],
        "private_ipv6_google_access": "",
        "project": "searce-playground",
        "release_channel": [
          {
            "channel": "REGULAR"
          }
        ],
        "remove_default_node_pool": null,
        "resource_labels": {},
        "resource_usage_export_config": [],
        "self_link": "https://container.googleapis.com/v1beta1/projects/searce-playground/locations/asia-south1/clusters/my-gke-cluster",
        "services_ipv4_cidr": "10.87.240.0/20",
        "subnetwork": "projects/searce-playground/regions/asia-south1/subnetworks/on17-public-subnet",
        "tpu_ipv4_cidr_block": "",
        "vertical_pod_autoscaling": [],
        "workload_identity_config": []
      },
      "type": [
        "object",
        {
          "addons_config": [
            "list",
            [
              "object",
              {
                "cloudrun_config": [
                  "list",
                  [
                    "object",
                    {
                      "disabled": "bool",
                      "load_balancer_type": "string"
                    }
                  ]
                ],
                "horizontal_pod_autoscaling": [
                  "list",
                  [
                    "object",
                    {
                      "disabled": "bool"
                    }
                  ]
                ],
                "http_load_balancing": [
                  "list",
                  [
                    "object",
                    {
                      "disabled": "bool"
                    }
                  ]
                ],
                "network_policy_config": [
                  "list",
                  [
                    "object",
                    {
                      "disabled": "bool"
                    }
                  ]
                ]
              }
            ]
          ],
          "authenticator_groups_config": [
            "list",
            [
              "object",
              {
                "security_group": "string"
              }
            ]
          ],
          "cluster_autoscaling": [
            "list",
            [
              "object",
              {
                "auto_provisioning_defaults": [
                  "list",
                  [
                    "object",
                    {
                      "oauth_scopes": [
                        "list",
                        "string"
                      ],
                      "service_account": "string"
                    }
                  ]
                ],
                "enabled": "bool",
                "resource_limits": [
                  "list",
                  [
                    "object",
                    {
                      "maximum": "number",
                      "minimum": "number",
                      "resource_type": "string"
                    }
                  ]
                ]
              }
            ]
          ],
          "cluster_ipv4_cidr": "string",
          "database_encryption": [
            "list",
            [
              "object",
              {
                "key_name": "string",
                "state": "string"
              }
            ]
          ],
          "datapath_provider": "string",
          "default_max_pods_per_node": "number",
          "default_snat_status": [
            "list",
            [
              "object",
              {
                "disabled": "bool"
              }
            ]
          ],
          "description": "string",
          "enable_autopilot": "bool",
          "enable_binary_authorization": "bool",
          "enable_intranode_visibility": "bool",
          "enable_kubernetes_alpha": "bool",
          "enable_legacy_abac": "bool",
          "enable_shielded_nodes": "bool",
          "enable_tpu": "bool",
          "endpoint": "string",
          "id": "string",
          "initial_node_count": "number",
          "instance_group_urls": [
            "list",
            "string"
          ],
          "ip_allocation_policy": [
            "list",
            [
              "object",
              {
                "cluster_ipv4_cidr_block": "string",
                "cluster_secondary_range_name": "string",
                "services_ipv4_cidr_block": "string",
                "services_secondary_range_name": "string"
              }
            ]
          ],
          "label_fingerprint": "string",
          "location": "string",
          "logging_service": "string",
          "maintenance_policy": [
            "list",
            [
              "object",
              {
                "daily_maintenance_window": [
                  "list",
                  [
                    "object",
                    {
                      "duration": "string",
                      "start_time": "string"
                    }
                  ]
                ],
                "maintenance_exclusion": [
                  "set",
                  [
                    "object",
                    {
                      "end_time": "string",
                      "exclusion_name": "string",
                      "start_time": "string"
                    }
                  ]
                ],
                "recurring_window": [
                  "list",
                  [
                    "object",
                    {
                      "end_time": "string",
                      "recurrence": "string",
                      "start_time": "string"
                    }
                  ]
                ]
              }
            ]
          ],
          "master_auth": [
            "list",
            [
              "object",
              {
                "client_certificate": "string",
                "client_certificate_config": [
                  "list",
                  [
                    "object",
                    {
                      "issue_client_certificate": "bool"
                    }
                  ]
                ],
                "client_key": "string",
                "cluster_ca_certificate": "string",
                "password": "string",
                "username": "string"
              }
            ]
          ],
          "master_authorized_networks_config": [
            "list",
            [
              "object",
              {
                "cidr_blocks": [
                  "set",
                  [
                    "object",
                    {
                      "cidr_block": "string",
                      "display_name": "string"
                    }
                  ]
                ]
              }
            ]
          ],
          "master_version": "string",
          "min_master_version": "string",
          "monitoring_service": "string",
          "name": "string",
          "network": "string",
          "network_policy": [
            "list",
            [
              "object",
              {
                "enabled": "bool",
                "provider": "string"
              }
            ]
          ],
          "networking_mode": "string",
          "node_config": [
            "list",
            [
              "object",
              {
                "disk_size_gb": "number",
                "disk_type": "string",
                "guest_accelerator": [
                  "list",
                  [
                    "object",
                    {
                      "count": "number",
                      "type": "string"
                    }
                  ]
                ],
                "image_type": "string",
                "labels": [
                  "map",
                  "string"
                ],
                "local_ssd_count": "number",
                "machine_type": "string",
                "metadata": [
                  "map",
                  "string"
                ],
                "min_cpu_platform": "string",
                "oauth_scopes": [
                  "set",
                  "string"
                ],
                "preemptible": "bool",
                "service_account": "string",
                "shielded_instance_config": [
                  "list",
                  [
                    "object",
                    {
                      "enable_integrity_monitoring": "bool",
                      "enable_secure_boot": "bool"
                    }
                  ]
                ],
                "tags": [
                  "list",
                  "string"
                ],
                "taint": [
                  "list",
                  [
                    "object",
                    {
                      "effect": "string",
                      "key": "string",
                      "value": "string"
                    }
                  ]
                ],
                "workload_metadata_config": [
                  "list",
                  [
                    "object",
                    {
                      "node_metadata": "string"
                    }
                  ]
                ]
              }
            ]
          ],
          "node_locations": [
            "set",
            "string"
          ],
          "node_pool": [
            "list",
            [
              "object",
              {
                "autoscaling": [
                  "list",
                  [
                    "object",
                    {
                      "max_node_count": "number",
                      "min_node_count": "number"
                    }
                  ]
                ],
                "initial_node_count": "number",
                "instance_group_urls": [
                  "list",
                  "string"
                ],
                "management": [
                  "list",
                  [
                    "object",
                    {
                      "auto_repair": "bool",
                      "auto_upgrade": "bool"
                    }
                  ]
                ],
                "max_pods_per_node": "number",
                "name": "string",
                "name_prefix": "string",
                "node_config": [
                  "list",
                  [
                    "object",
                    {
                      "disk_size_gb": "number",
                      "disk_type": "string",
                      "guest_accelerator": [
                        "list",
                        [
                          "object",
                          {
                            "count": "number",
                            "type": "string"
                          }
                        ]
                      ],
                      "image_type": "string",
                      "labels": [
                        "map",
                        "string"
                      ],
                      "local_ssd_count": "number",
                      "machine_type": "string",
                      "metadata": [
                        "map",
                        "string"
                      ],
                      "min_cpu_platform": "string",
                      "oauth_scopes": [
                        "set",
                        "string"
                      ],
                      "preemptible": "bool",
                      "service_account": "string",
                      "shielded_instance_config": [
                        "list",
                        [
                          "object",
                          {
                            "enable_integrity_monitoring": "bool",
                            "enable_secure_boot": "bool"
                          }
                        ]
                      ],
                      "tags": [
                        "list",
                        "string"
                      ],
                      "taint": [
                        "list",
                        [
                          "object",
                          {
                            "effect": "string",
                            "key": "string",
                            "value": "string"
                          }
                        ]
                      ],
                      "workload_metadata_config": [
                        "list",
                        [
                          "object",
                          {
                            "node_metadata": "string"
                          }
                        ]
                      ]
                    }
                  ]
                ],
                "node_count": "number",
                "node_locations": [
                  "set",
                  "string"
                ],
                "upgrade_settings": [
                  "list",
                  [
                    "object",
                    {
                      "max_surge": "number",
                      "max_unavailable": "number"
                    }
                  ]
                ],
                "version": "string"
              }
            ]
          ],
          "node_version": "string",
          "operation": "string",
          "pod_security_policy_config": [
            "list",
            [
              "object",
              {
                "enabled": "bool"
              }
            ]
          ],
          "private_cluster_config": [
            "list",
            [
              "object",
              {
                "enable_private_endpoint": "bool",
                "enable_private_nodes": "bool",
                "master_global_access_config": [
                  "list",
                  [
                    "object",
                    {
                      "enabled": "bool"
                    }
                  ]
                ],
                "master_ipv4_cidr_block": "string",
                "peering_name": "string",
                "private_endpoint": "string",
                "public_endpoint": "string"
              }
            ]
          ],
          "private_ipv6_google_access": "string",
          "project": "string",
          "release_channel": [
            "list",
            [
              "object",
              {
                "channel": "string"
              }
            ]
          ],
          "remove_default_node_pool": "bool",
          "resource_labels": [
            "map",
            "string"
          ],
          "resource_usage_export_config": [
            "list",
            [
              "object",
              {
                "bigquery_destination": [
                  "list",
                  [
                    "object",
                    {
                      "dataset_id": "string"
                    }
                  ]
                ],
                "enable_network_egress_metering": "bool",
                "enable_resource_consumption_metering": "bool"
              }
            ]
          ],
          "self_link": "string",
          "services_ipv4_cidr": "string",
          "subnetwork": "string",
          "tpu_ipv4_cidr_block": "string",
          "vertical_pod_autoscaling": [
            "list",
            [
              "object",
              {
                "enabled": "bool"
              }
            ]
          ],
          "workload_identity_config": [
            "list",
            [
              "object",
              {
                "identity_namespace": "string"
              }
            ]
          ]
        }
      ]
    }
  },
  "resources": [
    {
      "mode": "data",
      "type": "google_container_cluster",
      "name": "my_cluster",
      "provider": "provider[\"registry.terraform.io/hashicorp/google\"]",
      "instances": [
        {
          "schema_version": 0,
          "attributes": {
            "addons_config": [
              {
                "cloudrun_config": [],
                "horizontal_pod_autoscaling": [],
                "http_load_balancing": [],
                "network_policy_config": [
                  {
                    "disabled": true
                  }
                ]
              }
            ],
            "authenticator_groups_config": [],
            "cluster_autoscaling": [
              {
                "auto_provisioning_defaults": [],
                "enabled": false,
                "resource_limits": []
              }
            ],
            "cluster_ipv4_cidr": "10.84.0.0/14",
            "database_encryption": [
              {
                "key_name": "",
                "state": "DECRYPTED"
              }
            ],
            "datapath_provider": "",
            "default_max_pods_per_node": null,
            "default_snat_status": [
              {
                "disabled": false
              }
            ],
            "description": "",
            "enable_autopilot": false,
            "enable_binary_authorization": false,
            "enable_intranode_visibility": false,
            "enable_kubernetes_alpha": false,
            "enable_legacy_abac": false,
            "enable_shielded_nodes": false,
            "enable_tpu": false,
            "endpoint": "34.93.105.59",
            "id": "projects/searce-playground/locations/asia-south1/clusters/my-gke-cluster",
            "initial_node_count": 1,
            "instance_group_urls": [
              "https://www.googleapis.com/compute/v1/projects/searce-playground/zones/asia-south1-c/instanceGroups/gke-my-gke-cluster-my-node-pool-e9c67149-grp",
              "https://www.googleapis.com/compute/v1/projects/searce-playground/zones/asia-south1-a/instanceGroups/gke-my-gke-cluster-my-node-pool-43b8c0b7-grp",
              "https://www.googleapis.com/compute/v1/projects/searce-playground/zones/asia-south1-b/instanceGroups/gke-my-gke-cluster-my-node-pool-f458a069-grp"
            ],
            "ip_allocation_policy": [],
            "label_fingerprint": "a9dc16a7",
            "location": "asia-south1",
            "logging_service": "logging.googleapis.com/kubernetes",
            "maintenance_policy": [],
            "master_auth": [
              {
                "client_certificate": "",
                "client_certificate_config": [
                  {
                    "issue_client_certificate": false
                  }
                ],
                "client_key": "",
                "cluster_ca_certificate": "LS0tLS1CRUdJTiBDRVJUSUZJQ0FURS0tLS0tCk1JSURLekNDQWhPZ0F3SUJBZ0lSQUlFTjRnUkJtUUVibUVSNnNvTG43VUF3RFFZSktvWklodmNOQVFFTEJRQXcKTHpFdE1Dc0dBMVVFQXhNa1lXRTBaakpsTWpVdE5HSXdNUzAwT1RBMkxXRmtaREF0TlRnNFl6UTJPR0psWVRGbApNQjRYRFRJeE1EZ3hPVEE0TWpZMU5sb1hEVEkyTURneE9EQTVNalkxTmxvd0x6RXRNQ3NHQTFVRUF4TWtZV0UwClpqSmxNalV0TkdJd01TMDBPVEEyTFdGa1pEQXROVGc0WXpRMk9HSmxZVEZsTUlJQklqQU5CZ2txaGtpRzl3MEIKQVFFRkFBT0NBUThBTUlJQkNnS0NBUUVBenpvL3QzTXpmSDBWdWVjcU1jVHlxTWFOd2lQRENLbDk5MnhhR0kwZQpCTTdHQytEUVdDNlYvaEYyUnAxRDBPSXZpODVHV3QycjQ0ODdsc2VxbjRSaGVvWXo2WE5FUHBPVFFId3pRREVGCmlQc1AxeHlBTnphTW5mMmNLd09LenQ1VFU3b2xIMzJtbXR6Q3ZaOU92UWZPM3ZNeHo4RHdkdzFaNEd5YXlwWnkKL05zSG9xRUJPSUFpZTNEL2hrbnV4Q1RSckhVUjFYbW93MTlKMGxJeUpJQlQveGlPMmRqaTJ5Z29YNjNNRGFqdApCaldrTGh2QnJqSnVCSUt4T1BBR1lHbElGa29LSUIrVThOakFpMnc5cXNCRzlUeWxyaFRPY2pvcEVLQUpKM1ZqCmZ1VHVVRkVXZHpDcml4bFlPcGlSTjhFMG9RNW1FRzJaL3g2QkFaYVZsYzBNQ3dJREFRQUJvMEl3UURBT0JnTlYKSFE4QkFmOEVCQU1DQWdRd0R3WURWUjBUQVFIL0JBVXdBd0VCL3pBZEJnTlZIUTRFRmdRVWx3VHcrbUhVWjRlUgoxWllZSHkzL3NYOHJuZ0V3RFFZSktvWklodmNOQVFFTEJRQURnZ0VCQUVncGR1Mmd3T3B5Unp0VzJlOWh1cjl1CmloWldBaE4wTmp0YTFrWWRSaEd0NDlVSEU4Y0FWbnBFV3U1NkQyQ0F2UHlsR0J2RXFxbzJ4T2lWSzBxOW9xYjQKNVpZVjJiSnVoaUJQQVFLS1orem9YbytEWUp3dG8wVFo1YUF5RmZtdnArMWRPd2hrOXZRM2FCenZreGF4MFFHaQptRVV5ZzNGU3kwZnMzMUFBd08rdXJGdHJpNDNZRlAyRFRwK3FpNFZIeWJ0djIyTlJya3g4YU9qcXlzWmY4aEhXCkdTL0pOeVZGWU9ORHUwQ3RXc2lOcjZxRUJrWTFiZGdnV2prNWxNVlVHSFJRWGovZ1hCbTg5Z2pVeDFIcEMvSHEKQ3QvZThMMVcvdFVtNWhuVFo2M3pFdXE2VGhlTVl0R0lYNGg5R1FkdTRiQlFMWHdNem10RnJLc3c2ZmoxM3UwPQotLS0tLUVORCBDRVJUSUZJQ0FURS0tLS0tCg==",
                "password": "",
                "username": ""
              }
            ],
            "master_authorized_networks_config": [],
            "master_version": "1.20.8-gke.900",
            "min_master_version": null,
            "monitoring_service": "monitoring.googleapis.com/kubernetes",
            "name": "my-gke-cluster",
            "network": "projects/searce-playground/global/networks/onkar-179-vpc",
            "network_policy": [
              {
                "enabled": false,
                "provider": "PROVIDER_UNSPECIFIED"
              }
            ],
            "networking_mode": "ROUTES",
            "node_config": [
              {
                "disk_size_gb": 100,
                "disk_type": "pd-standard",
                "guest_accelerator": [],
                "image_type": "COS_CONTAINERD",
                "labels": {},
                "local_ssd_count": 0,
                "machine_type": "e2-micro",
                "metadata": {
                  "disable-legacy-endpoints": "true"
                },
                "min_cpu_platform": "",
                "oauth_scopes": [
                  "https://www.googleapis.com/auth/logging.write",
                  "https://www.googleapis.com/auth/monitoring"
                ],
                "preemptible": true,
                "service_account": "default",
                "shielded_instance_config": [
                  {
                    "enable_integrity_monitoring": true,
                    "enable_secure_boot": false
                  }
                ],
                "tags": [],
                "taint": [],
                "workload_metadata_config": []
              }
            ],
            "node_locations": [
              "asia-south1-a",
              "asia-south1-b",
              "asia-south1-c"
            ],
            "node_pool": [
              {
                "autoscaling": [],
                "initial_node_count": 1,
                "instance_group_urls": [
                  "https://www.googleapis.com/compute/v1/projects/searce-playground/zones/asia-south1-c/instanceGroupManagers/gke-my-gke-cluster-my-node-pool-e9c67149-grp",
                  "https://www.googleapis.com/compute/v1/projects/searce-playground/zones/asia-south1-a/instanceGroupManagers/gke-my-gke-cluster-my-node-pool-43b8c0b7-grp",
                  "https://www.googleapis.com/compute/v1/projects/searce-playground/zones/asia-south1-b/instanceGroupManagers/gke-my-gke-cluster-my-node-pool-f458a069-grp"
                ],
                "management": [
                  {
                    "auto_repair": true,
                    "auto_upgrade": true
                  }
                ],
                "max_pods_per_node": 0,
                "name": "my-node-pool",
                "name_prefix": "",
                "node_config": [
                  {
                    "disk_size_gb": 100,
                    "disk_type": "pd-standard",
                    "guest_accelerator": [],
                    "image_type": "COS_CONTAINERD",
                    "labels": {},
                    "local_ssd_count": 0,
                    "machine_type": "e2-micro",
                    "metadata": {
                      "disable-legacy-endpoints": "true"
                    },
                    "min_cpu_platform": "",
                    "oauth_scopes": [
                      "https://www.googleapis.com/auth/logging.write",
                      "https://www.googleapis.com/auth/monitoring"
                    ],
                    "preemptible": true,
                    "service_account": "default",
                    "shielded_instance_config": [
                      {
                        "enable_integrity_monitoring": true,
                        "enable_secure_boot": false
                      }
                    ],
                    "tags": [],
                    "taint": [],
                    "workload_metadata_config": []
                  }
                ],
                "node_count": 1,
                "node_locations": [
                  "asia-south1-a",
                  "asia-south1-b",
                  "asia-south1-c"
                ],
                "upgrade_settings": [
                  {
                    "max_surge": 1,
                    "max_unavailable": 0
                  }
                ],
                "version": "1.20.8-gke.900"
              }
            ],
            "node_version": "1.20.8-gke.900",
            "operation": null,
            "pod_security_policy_config": null,
            "private_cluster_config": [],
            "private_ipv6_google_access": "",
            "project": "searce-playground",
            "release_channel": [
              {
                "channel": "REGULAR"
              }
            ],
            "remove_default_node_pool": null,
            "resource_labels": {},
            "resource_usage_export_config": [],
            "self_link": "https://container.googleapis.com/v1beta1/projects/searce-playground/locations/asia-south1/clusters/my-gke-cluster",
            "services_ipv4_cidr": "10.87.240.0/20",
            "subnetwork": "projects/searce-playground/regions/asia-south1/subnetworks/on17-public-subnet",
            "tpu_ipv4_cidr_block": "",
            "vertical_pod_autoscaling": [],
            "workload_identity_config": []
          },
          "sensitive_attributes": []
        }
      ]
    },
    {
      "mode": "managed",
      "type": "google_container_cluster",
      "name": "primary",
      "provider": "provider[\"registry.terraform.io/hashicorp/google\"]",
      "instances": [
        {
          "schema_version": 1,
          "attributes": {
            "addons_config": [
              {
                "cloudrun_config": [],
                "horizontal_pod_autoscaling": [],
                "http_load_balancing": [],
                "network_policy_config": [
                  {
                    "disabled": true
                  }
                ]
              }
            ],
            "authenticator_groups_config": [],
            "cluster_autoscaling": [
              {
                "auto_provisioning_defaults": [],
                "enabled": false,
                "resource_limits": []
              }
            ],
            "cluster_ipv4_cidr": "10.84.0.0/14",
            "database_encryption": [
              {
                "key_name": "",
                "state": "DECRYPTED"
              }
            ],
            "datapath_provider": "",
            "default_max_pods_per_node": null,
            "default_snat_status": [
              {
                "disabled": false
              }
            ],
            "description": "",
            "enable_autopilot": false,
            "enable_binary_authorization": false,
            "enable_intranode_visibility": false,
            "enable_kubernetes_alpha": false,
            "enable_legacy_abac": false,
            "enable_shielded_nodes": false,
            "enable_tpu": false,
            "endpoint": "34.93.105.59",
            "id": "projects/searce-playground/locations/asia-south1/clusters/my-gke-cluster",
            "initial_node_count": 1,
            "instance_group_urls": [
              "https://www.googleapis.com/compute/v1/projects/searce-playground/zones/asia-south1-c/instanceGroups/gke-my-gke-cluster-my-node-pool-e9c67149-grp",
              "https://www.googleapis.com/compute/v1/projects/searce-playground/zones/asia-south1-a/instanceGroups/gke-my-gke-cluster-my-node-pool-43b8c0b7-grp",
              "https://www.googleapis.com/compute/v1/projects/searce-playground/zones/asia-south1-b/instanceGroups/gke-my-gke-cluster-my-node-pool-f458a069-grp"
            ],
            "ip_allocation_policy": [],
            "label_fingerprint": "a9dc16a7",
            "location": "asia-south1",
            "logging_service": "logging.googleapis.com/kubernetes",
            "maintenance_policy": [],
            "master_auth": [
              {
                "client_certificate": "",
                "client_certificate_config": [
                  {
                    "issue_client_certificate": false
                  }
                ],
                "client_key": "",
                "cluster_ca_certificate": "LS0tLS1CRUdJTiBDRVJUSUZJQ0FURS0tLS0tCk1JSURLekNDQWhPZ0F3SUJBZ0lSQUlFTjRnUkJtUUVibUVSNnNvTG43VUF3RFFZSktvWklodmNOQVFFTEJRQXcKTHpFdE1Dc0dBMVVFQXhNa1lXRTBaakpsTWpVdE5HSXdNUzAwT1RBMkxXRmtaREF0TlRnNFl6UTJPR0psWVRGbApNQjRYRFRJeE1EZ3hPVEE0TWpZMU5sb1hEVEkyTURneE9EQTVNalkxTmxvd0x6RXRNQ3NHQTFVRUF4TWtZV0UwClpqSmxNalV0TkdJd01TMDBPVEEyTFdGa1pEQXROVGc0WXpRMk9HSmxZVEZsTUlJQklqQU5CZ2txaGtpRzl3MEIKQVFFRkFBT0NBUThBTUlJQkNnS0NBUUVBenpvL3QzTXpmSDBWdWVjcU1jVHlxTWFOd2lQRENLbDk5MnhhR0kwZQpCTTdHQytEUVdDNlYvaEYyUnAxRDBPSXZpODVHV3QycjQ0ODdsc2VxbjRSaGVvWXo2WE5FUHBPVFFId3pRREVGCmlQc1AxeHlBTnphTW5mMmNLd09LenQ1VFU3b2xIMzJtbXR6Q3ZaOU92UWZPM3ZNeHo4RHdkdzFaNEd5YXlwWnkKL05zSG9xRUJPSUFpZTNEL2hrbnV4Q1RSckhVUjFYbW93MTlKMGxJeUpJQlQveGlPMmRqaTJ5Z29YNjNNRGFqdApCaldrTGh2QnJqSnVCSUt4T1BBR1lHbElGa29LSUIrVThOakFpMnc5cXNCRzlUeWxyaFRPY2pvcEVLQUpKM1ZqCmZ1VHVVRkVXZHpDcml4bFlPcGlSTjhFMG9RNW1FRzJaL3g2QkFaYVZsYzBNQ3dJREFRQUJvMEl3UURBT0JnTlYKSFE4QkFmOEVCQU1DQWdRd0R3WURWUjBUQVFIL0JBVXdBd0VCL3pBZEJnTlZIUTRFRmdRVWx3VHcrbUhVWjRlUgoxWllZSHkzL3NYOHJuZ0V3RFFZSktvWklodmNOQVFFTEJRQURnZ0VCQUVncGR1Mmd3T3B5Unp0VzJlOWh1cjl1CmloWldBaE4wTmp0YTFrWWRSaEd0NDlVSEU4Y0FWbnBFV3U1NkQyQ0F2UHlsR0J2RXFxbzJ4T2lWSzBxOW9xYjQKNVpZVjJiSnVoaUJQQVFLS1orem9YbytEWUp3dG8wVFo1YUF5RmZtdnArMWRPd2hrOXZRM2FCenZreGF4MFFHaQptRVV5ZzNGU3kwZnMzMUFBd08rdXJGdHJpNDNZRlAyRFRwK3FpNFZIeWJ0djIyTlJya3g4YU9qcXlzWmY4aEhXCkdTL0pOeVZGWU9ORHUwQ3RXc2lOcjZxRUJrWTFiZGdnV2prNWxNVlVHSFJRWGovZ1hCbTg5Z2pVeDFIcEMvSHEKQ3QvZThMMVcvdFVtNWhuVFo2M3pFdXE2VGhlTVl0R0lYNGg5R1FkdTRiQlFMWHdNem10RnJLc3c2ZmoxM3UwPQotLS0tLUVORCBDRVJUSUZJQ0FURS0tLS0tCg==",
                "password": "",
                "username": ""
              }
            ],
            "master_authorized_networks_config": [],
            "master_version": "1.20.8-gke.900",
            "min_master_version": null,
            "monitoring_service": "monitoring.googleapis.com/kubernetes",
            "name": "my-gke-cluster",
            "network": "projects/searce-playground/global/networks/onkar-179-vpc",
            "network_policy": [
              {
                "enabled": false,
                "provider": "PROVIDER_UNSPECIFIED"
              }
            ],
            "networking_mode": "ROUTES",
            "node_config": [
              {
                "disk_size_gb": 100,
                "disk_type": "pd-standard",
                "guest_accelerator": [],
                "image_type": "COS_CONTAINERD",
                "labels": {},
                "local_ssd_count": 0,
                "machine_type": "e2-micro",
                "metadata": {
                  "disable-legacy-endpoints": "true"
                },
                "min_cpu_platform": "",
                "oauth_scopes": [
                  "https://www.googleapis.com/auth/logging.write",
                  "https://www.googleapis.com/auth/monitoring"
                ],
                "preemptible": true,
                "service_account": "default",
                "shielded_instance_config": [
                  {
                    "enable_integrity_monitoring": true,
                    "enable_secure_boot": false
                  }
                ],
                "tags": [],
                "taint": [],
                "workload_metadata_config": []
              }
            ],
            "node_locations": [
              "asia-south1-a",
              "asia-south1-b",
              "asia-south1-c"
            ],
            "node_pool": [
              {
                "autoscaling": [],
                "initial_node_count": 1,
                "instance_group_urls": [
                  "https://www.googleapis.com/compute/v1/projects/searce-playground/zones/asia-south1-c/instanceGroupManagers/gke-my-gke-cluster-my-node-pool-e9c67149-grp",
                  "https://www.googleapis.com/compute/v1/projects/searce-playground/zones/asia-south1-a/instanceGroupManagers/gke-my-gke-cluster-my-node-pool-43b8c0b7-grp",
                  "https://www.googleapis.com/compute/v1/projects/searce-playground/zones/asia-south1-b/instanceGroupManagers/gke-my-gke-cluster-my-node-pool-f458a069-grp"
                ],
                "management": [
                  {
                    "auto_repair": true,
                    "auto_upgrade": true
                  }
                ],
                "max_pods_per_node": 0,
                "name": "my-node-pool",
                "name_prefix": "",
                "node_config": [
                  {
                    "disk_size_gb": 100,
                    "disk_type": "pd-standard",
                    "guest_accelerator": [],
                    "image_type": "COS_CONTAINERD",
                    "labels": {},
                    "local_ssd_count": 0,
                    "machine_type": "e2-micro",
                    "metadata": {
                      "disable-legacy-endpoints": "true"
                    },
                    "min_cpu_platform": "",
                    "oauth_scopes": [
                      "https://www.googleapis.com/auth/logging.write",
                      "https://www.googleapis.com/auth/monitoring"
                    ],
                    "preemptible": true,
                    "service_account": "default",
                    "shielded_instance_config": [
                      {
                        "enable_integrity_monitoring": true,
                        "enable_secure_boot": false
                      }
                    ],
                    "tags": [],
                    "taint": [],
                    "workload_metadata_config": []
                  }
                ],
                "node_count": 1,
                "node_locations": [
                  "asia-south1-a",
                  "asia-south1-b",
                  "asia-south1-c"
                ],
                "upgrade_settings": [
                  {
                    "max_surge": 1,
                    "max_unavailable": 0
                  }
                ],
                "version": "1.20.8-gke.900"
              }
            ],
            "node_version": "1.20.8-gke.900",
            "operation": null,
            "pod_security_policy_config": [],
            "private_cluster_config": [],
            "private_ipv6_google_access": "",
            "project": "searce-playground",
            "release_channel": [
              {
                "channel": "REGULAR"
              }
            ],
            "remove_default_node_pool": true,
            "resource_labels": {},
            "resource_usage_export_config": [],
            "self_link": "https://container.googleapis.com/v1beta1/projects/searce-playground/locations/asia-south1/clusters/my-gke-cluster",
            "services_ipv4_cidr": "10.87.240.0/20",
            "subnetwork": "projects/searce-playground/regions/asia-south1/subnetworks/on17-public-subnet",
            "timeouts": null,
            "tpu_ipv4_cidr_block": "",
            "vertical_pod_autoscaling": [],
            "workload_identity_config": []
          },
          "sensitive_attributes": [],
          "private": "eyJlMmJmYjczMC1lY2FhLTExZTYtOGY4OC0zNDM2M2JjN2M0YzAiOnsiY3JlYXRlIjoyNDAwMDAwMDAwMDAwLCJkZWxldGUiOjI0MDAwMDAwMDAwMDAsInJlYWQiOjI0MDAwMDAwMDAwMDAsInVwZGF0ZSI6MzYwMDAwMDAwMDAwMH0sInNjaGVtYV92ZXJzaW9uIjoiMSJ9"
        }
      ]
    },
    {
      "mode": "managed",
      "type": "google_container_node_pool",
      "name": "primary_preemptible_nodes",
      "provider": "provider[\"registry.terraform.io/hashicorp/google\"]",
      "instances": [
        {
          "schema_version": 1,
          "attributes": {
            "autoscaling": [],
            "cluster": "my-gke-cluster",
            "id": "projects/searce-playground/locations/asia-south1/clusters/my-gke-cluster/nodePools/my-node-pool",
            "initial_node_count": 1,
            "instance_group_urls": [
              "https://www.googleapis.com/compute/v1/projects/searce-playground/zones/asia-south1-c/instanceGroupManagers/gke-my-gke-cluster-my-node-pool-e9c67149-grp",
              "https://www.googleapis.com/compute/v1/projects/searce-playground/zones/asia-south1-a/instanceGroupManagers/gke-my-gke-cluster-my-node-pool-43b8c0b7-grp",
              "https://www.googleapis.com/compute/v1/projects/searce-playground/zones/asia-south1-b/instanceGroupManagers/gke-my-gke-cluster-my-node-pool-f458a069-grp"
            ],
            "location": "asia-south1",
            "management": [
              {
                "auto_repair": true,
                "auto_upgrade": true
              }
            ],
            "max_pods_per_node": null,
            "name": "my-node-pool",
            "name_prefix": "",
            "node_config": [
              {
                "disk_size_gb": 100,
                "disk_type": "pd-standard",
                "guest_accelerator": [],
                "image_type": "COS_CONTAINERD",
                "labels": {},
                "local_ssd_count": 0,
                "machine_type": "e2-micro",
                "metadata": {
                  "disable-legacy-endpoints": "true"
                },
                "min_cpu_platform": "",
                "oauth_scopes": [
                  "https://www.googleapis.com/auth/logging.write",
                  "https://www.googleapis.com/auth/monitoring"
                ],
                "preemptible": true,
                "service_account": "default",
                "shielded_instance_config": [
                  {
                    "enable_integrity_monitoring": true,
                    "enable_secure_boot": false
                  }
                ],
                "tags": [],
                "taint": [],
                "workload_metadata_config": []
              }
            ],
            "node_count": 1,
            "node_locations": [
              "asia-south1-a",
              "asia-south1-b",
              "asia-south1-c"
            ],
            "operation": null,
            "project": "searce-playground",
            "timeouts": null,
            "upgrade_settings": [
              {
                "max_surge": 1,
                "max_unavailable": 0
              }
            ],
            "version": "1.20.8-gke.900"
          },
          "sensitive_attributes": [],
          "private": "eyJlMmJmYjczMC1lY2FhLTExZTYtOGY4OC0zNDM2M2JjN2M0YzAiOnsiY3JlYXRlIjoxODAwMDAwMDAwMDAwLCJkZWxldGUiOjE4MDAwMDAwMDAwMDAsInVwZGF0ZSI6MTgwMDAwMDAwMDAwMH0sInNjaGVtYV92ZXJzaW9uIjoiMSJ9",
          "dependencies": [
            "google_container_cluster.primary"
          ]
        }
      ]
    },
    {
      "mode": "managed",
      "type": "null_resource",
      "name": "kubeconfig1",
      "provider": "provider[\"registry.terraform.io/hashicorp/null\"]",
      "instances": [
        {
          "schema_version": 0,
          "attributes": {
            "id": "5330768036504051701",
            "triggers": null
          },
          "sensitive_attributes": [],
          "private": "bnVsbA==",
          "dependencies": [
            "google_container_cluster.primary"
          ]
        }
      ]
    }
  ]
}
