{
  "version": 4,
  "terraform_version": "1.0.4",
  "serial": 1,
  "lineage": "a6cfea47-9363-f1ef-bfd4-0e09a823c58e",
  "outputs": {},
  "resources": [
    {
      "mode": "data",
      "type": "ec_stack",
      "name": "latest",
      "provider": "provider[\"registry.terraform.io/elastic/ec\"]",
      "instances": [
        {
          "schema_version": 0,
          "attributes": {
            "accessible": true,
            "allowlisted": true,
            "apm": [
              {
                "capacity_constraints_max": 8192,
                "capacity_constraints_min": 512,
                "compatible_node_types": [],
                "default_plugins": [],
                "denylist": [],
                "docker_image": "docker.elastic.co/cloud-assets/apm:7.14.0-0",
                "plugins": []
              }
            ],
            "elasticsearch": [
              {
                "capacity_constraints_max": 0,
                "capacity_constraints_min": 0,
                "compatible_node_types": [],
                "default_plugins": [
                  "repository-s3"
                ],
                "denylist": [
                  "node.name",
                  "cluster.name",
                  "processors",
                  "node.roles",
                  "node.master",
                  "node.data",
                  "path.conf",
                  "path.data",
                  "path.logs",
                  "path.plugins",
                  "path.home",
                  "network.publish_host",
                  "network.bind_host",
                  "http.port",
                  "http.publish_port",
                  "transport.tcp.port",
                  "discovery.type",
                  "discovery.zen.masterservice.type",
                  "discovery.zen.ping.multicast.enabled",
                  "discovery.zen.ping.unicast.hosts",
                  "discovery.zen.minimum_master_nodes",
                  "bootstrap.mlockall",
                  "node.region",
                  "node.availability_zone",
                  "node.logical_availability_zone",
                  "node.attr.region",
                  "node.attr.availability_zone",
                  "node.attr.logical_availability_zone",
                  "cluster.routing.allocation.awareness.attributes",
                  "node.max_local_storage_nodes",
                  "gateway.type",
                  "gateway.local.initial_meta",
                  "found.rest_filter.required",
                  "found.election.confirmed.enabled",
                  "found.zookeeper.connection_string",
                  "found.zookeeper.session_timeout",
                  "found.zookeeper.acls",
                  "found.zookeeper.auths",
                  "cloud.aws.region",
                  "cloud.aws.access_key",
                  "cloud.aws.secret_key",
                  "shield.transport.filter_enabled",
                  "shield.authc.system_key.file",
                  "xpack.ccr.enabled",
                  "xpack.ilm.enabled",
                  "xpack.security.system_key.required",
                  "xpack.security.authc.reserved_realm.enabled",
                  "xpack.security.authc.realms.found.type",
                  "xpack.security.authc.realms.found.files.users",
                  "xpack.security.authc.realms.found.files.users_roles",
                  "xpack.security.authc.realms.found.order",
                  "xpack.security.authc.realms.native.type",
                  "xpack.security.authc.realms.native.order",
                  "xpack.security.enabled",
                  "shield.hide_settings"
                ],
                "docker_image": "docker.elastic.co/cloud-assets/elasticsearch:7.14.0-0",
                "plugins": [
                  "analysis-icu",
                  "analysis-kuromoji",
                  "analysis-nori",
                  "analysis-phonetic",
                  "analysis-smartcn",
                  "analysis-stempel",
                  "analysis-ukrainian",
                  "ingest-attachment",
                  "mapper-annotated-text",
                  "mapper-murmur3",
                  "mapper-size",
                  "repository-azure",
                  "repository-gcs"
                ]
              }
            ],
            "enterprise_search": [
              {
                "capacity_constraints_max": 0,
                "capacity_constraints_min": 0,
                "compatible_node_types": [],
                "default_plugins": [],
                "denylist": [],
                "docker_image": "docker.elastic.co/cloud-assets/enterprise-search:7.14.0-0",
                "plugins": []
              }
            ],
            "id": "0",
            "kibana": [
              {
                "capacity_constraints_max": 65536,
                "capacity_constraints_min": 1024,
                "compatible_node_types": [],
                "default_plugins": [],
                "denylist": [
                  "node.name",
                  "cluster.name",
                  "processors",
                  "node.master",
                  "node.data",
                  "path.conf",
                  "path.data",
                  "path.logs",
                  "path.plugins",
                  "path.home",
                  "network.publish_host",
                  "network.bind_host",
                  "http.port",
                  "http.publish_port",
                  "transport.tcp.port",
                  "discovery.type",
                  "discovery.zen.masterservice.type",
                  "discovery.zen.ping.multicast.enabled",
                  "discovery.zen.ping.unicast.hosts",
                  "discovery.zen.minimum_master_nodes",
                  "bootstrap.mlockall",
                  "node.region",
                  "node.availability_zone",
                  "node.logical_availability_zone",
                  "node.attr.region",
                  "node.attr.availability_zone",
                  "node.attr.logical_availability_zone",
                  "cluster.routing.allocation.awareness.attributes",
                  "node.max_local_storage_nodes",
                  "gateway.type",
                  "gateway.local.initial_meta",
                  "found.rest_filter.required",
                  "found.election.confirmed.enabled",
                  "found.zookeeper.connection_string",
                  "found.zookeeper.session_timeout",
                  "found.zookeeper.acls",
                  "found.zookeeper.auths",
                  "cloud.aws.region",
                  "cloud.aws.access_key",
                  "cloud.aws.secret_key",
                  "shield.transport.filter_enabled",
                  "shield.authc.system_key.file",
                  "xpack.ccr.ui.enabled",
                  "xpack.ilm.filteredNodeAttributes",
                  "xpack.ilm.ui.enabled",
                  "xpack.remote_clusters.ui.enabled",
                  "xpack.security.system_key.required",
                  "xpack.security.authc.reserved_realm.enabled",
                  "xpack.security.authc.realms.found.type",
                  "xpack.security.authc.realms.found.files.users",
                  "xpack.security.authc.realms.found.files.users_roles",
                  "xpack.security.authc.realms.found.order",
                  "xpack.security.authc.realms.native.type",
                  "xpack.security.authc.realms.native.order",
                  "xpack.security.enabled",
                  "shield.hide_settings"
                ],
                "docker_image": "docker.elastic.co/cloud-assets/kibana:7.14.0-0",
                "plugins": []
              }
            ],
            "lock": null,
            "min_upgradable_from": "6.8.18",
            "region": "us-east-1",
            "timeouts": null,
            "upgradable_to": null,
            "version": "7.14.0",
            "version_regex": "latest"
          },
          "sensitive_attributes": []
        }
      ]
    },
    {
      "mode": "managed",
      "type": "ec_deployment",
      "name": "example_minimal",
      "provider": "provider[\"registry.terraform.io/elastic/ec\"]",
      "instances": [
        {
          "schema_version": 1,
          "attributes": {
            "alias": "my-example-deployment-fcec46",
            "apm": [
              {
                "config": [],
                "elasticsearch_cluster_ref_id": "main-elasticsearch",
                "http_endpoint": "http://c6483d4318a14fa19f30542f34e917f3.apm.us-east-1.aws.cloud.es.io:80",
                "https_endpoint": "https://c6483d4318a14fa19f30542f34e917f3.apm.us-east-1.aws.cloud.es.io:443",
                "ref_id": "main-apm",
                "region": "us-east-1",
                "resource_id": "c6483d4318a14fa19f30542f34e917f3",
                "topology": [
                  {
                    "instance_configuration_id": "aws.apm.r5d",
                    "size": "0.5g",
                    "size_resource": "memory",
                    "zone_count": 1
                  }
                ]
              }
            ],
            "apm_secret_token": "rkj6wfon6DCtr8whc8",
            "deployment_template_id": "aws-io-optimized-v2",
            "elasticsearch": [
              {
                "autoscale": "false",
                "cloud_id": "my_example_deployment:dXMtZWFzdC0xLmF3cy5mb3VuZC5pbyRkYzNkY2U1Mzk0MTQ0ZGQ1YjJmM2U0NTYyNjc2NTFkOSQ3MGFjYzQwNDBiZDI0YThlYWM5NWJmNmU5MjkyOGEzZQ==",
                "config": [],
                "extension": [],
                "http_endpoint": "http://dc3dce5394144dd5b2f3e456267651d9.us-east-1.aws.found.io:9200",
                "https_endpoint": "https://dc3dce5394144dd5b2f3e456267651d9.us-east-1.aws.found.io:9243",
                "ref_id": "main-elasticsearch",
                "region": "us-east-1",
                "remote_cluster": [],
                "resource_id": "dc3dce5394144dd5b2f3e456267651d9",
                "snapshot_source": [],
                "topology": [
                  {
                    "autoscaling": [
                      {
                        "max_size": "116g",
                        "max_size_resource": "memory",
                        "min_size": "",
                        "min_size_resource": "",
                        "policy_override_json": ""
                      }
                    ],
                    "id": "hot_content",
                    "instance_configuration_id": "aws.data.highio.i3",
                    "node_roles": [
                      "data_content",
                      "data_hot",
                      "ingest",
                      "master",
                      "remote_cluster_client",
                      "transform"
                    ],
                    "node_type_data": "",
                    "node_type_ingest": "",
                    "node_type_master": "",
                    "node_type_ml": "",
                    "size": "4g",
                    "size_resource": "memory",
                    "zone_count": 2
                  }
                ],
                "trust_account": [
                  {
                    "account_id": "a1c6fcb64c09407e87807c7ba38c0b5e",
                    "trust_all": true,
                    "trust_allowlist": []
                  }
                ],
                "trust_external": []
              }
            ],
            "elasticsearch_password": "V2mwgmoiWE55DlD0mdqZCS1Y",
            "elasticsearch_username": "elastic",
            "enterprise_search": [
              {
                "config": [],
                "elasticsearch_cluster_ref_id": "main-elasticsearch",
                "http_endpoint": "http://a4b6d6ca2e9448ae96e8659a19fed348.ent-search.us-east-1.aws.cloud.es.io:9200",
                "https_endpoint": "https://a4b6d6ca2e9448ae96e8659a19fed348.ent-search.us-east-1.aws.cloud.es.io:443",
                "ref_id": "main-enterprise_search",
                "region": "us-east-1",
                "resource_id": "a4b6d6ca2e9448ae96e8659a19fed348",
                "topology": [
                  {
                    "instance_configuration_id": "aws.enterprisesearch.m5d",
                    "node_type_appserver": true,
                    "node_type_connector": true,
                    "node_type_worker": true,
                    "size": "2g",
                    "size_resource": "memory",
                    "zone_count": 2
                  }
                ]
              }
            ],
            "id": "fcec467367280d7c4e17816f7e973179",
            "kibana": [
              {
                "config": [],
                "elasticsearch_cluster_ref_id": "main-elasticsearch",
                "http_endpoint": "http://70acc4040bd24a8eac95bf6e92928a3e.us-east-1.aws.found.io:9200",
                "https_endpoint": "https://70acc4040bd24a8eac95bf6e92928a3e.us-east-1.aws.found.io:9243",
                "ref_id": "main-kibana",
                "region": "us-east-1",
                "resource_id": "70acc4040bd24a8eac95bf6e92928a3e",
                "topology": [
                  {
                    "instance_configuration_id": "aws.kibana.r5d",
                    "size": "1g",
                    "size_resource": "memory",
                    "zone_count": 1
                  }
                ]
              }
            ],
            "name": "my_example_deployment",
            "observability": [],
            "region": "us-east-1",
            "request_id": null,
            "tags": null,
            "timeouts": null,
            "traffic_filter": null,
            "version": "7.14.0"
          },
          "sensitive_attributes": [],
          "private": "eyJlMmJmYjczMC1lY2FhLTExZTYtOGY4OC0zNDM2M2JjN2M0YzAiOnsiY3JlYXRlIjoyNDAwMDAwMDAwMDAwLCJkZWZhdWx0IjoyNDAwMDAwMDAwMDAwLCJkZWxldGUiOjM2MDAwMDAwMDAwMDAsInJlYWQiOjI0MDAwMDAwMDAwMDAsInVwZGF0ZSI6MzYwMDAwMDAwMDAwMH0sInNjaGVtYV92ZXJzaW9uIjoiMSJ9",
          "dependencies": [
            "data.ec_stack.latest"
          ]
        }
      ]
    }
  ]
}
